
Microsoft Visual Studio Solution File, Format Version 12.00
# Visual Studio 14
VisualStudioVersion = 14.0.25420.1
MinimumVisualStudioVersion = 10.0.40219.1
Project("{2150E333-8FDC-42A3-9474-1A3956D46DE8}") = "src", "src", "{0F8FFC1A-1F8F-4595-8775-09ED2795978F}"
EndProject
Project("{2150E333-8FDC-42A3-9474-1A3956D46DE8}") = "Solution Items", "Solution Items", "{1E04F452-F621-4DFD-B2B2-387C7E379124}"
	ProjectSection(SolutionItems) = preProject
		global.json = global.json
	EndProjectSection
EndProject
Project("{8BB2217D-0F2D-49D1-97BC-3654ED321F3B}") = "SalesTracker", "src\SalesTracker\SalesTracker.xproj", "{76310D20-422B-40DF-BFF8-9263833E71C6}"
EndProject
Global
	GlobalSection(SolutionConfigurationPlatforms) = preSolution
		Debug|Any CPU = Debug|Any CPU
		Release|Any CPU = Release|Any CPU
	EndGlobalSection
	GlobalSection(ProjectConfigurationPlatforms) = postSolution
		{76310D20-422B-40DF-BFF8-9263833E71C6}.Debug|Any CPU.ActiveCfg = Debug|Any CPU
		{76310D20-422B-40DF-BFF8-9263833E71C6}.Debug|Any CPU.Build.0 = Debug|Any CPU
		{76310D20-422B-40DF-BFF8-9263833E71C6}.Release|Any CPU.ActiveCfg = Release|Any CPU
		{76310D20-422B-40DF-BFF8-9263833E71C6}.Release|Any CPU.Build.0 = Release|Any CPU
	EndGlobalSection
	GlobalSection(SolutionProperties) = preSolution
		HideSolutionNode = FALSE
	EndGlobalSection
	GlobalSection(NestedProjects) = preSolution
		{76310D20-422B-40DF-BFF8-9263833E71C6} = {0F8FFC1A-1F8F-4595-8775-09ED2795978F}
	EndGlobalSection
EndGlobal
